
Microsoft Visual Studio Solution File, Format Version 12.00
# Visual Studio Version 17
VisualStudioVersion = 17.12.35527.113
MinimumVisualStudioVersion = 10.0.40219.1
Project("{2150E333-8FDC-42A3-9474-1A3956D46DE8}") = "API", "API", "{08F605E1-1067-4AA8-A72D-A9D9D07A2015}"
EndProject
Project("{2150E333-8FDC-42A3-9474-1A3956D46DE8}") = "src", "src", "{2B36633A-A0D3-485C-830F-FDBF21B47C29}"
EndProject
Project("{FAE04EC0-301F-11D3-BF4B-00C04F79EFBC}") = "UrlShortener.API", "API\src\UrlShortener.API\UrlShortener.API.csproj", "{FF2F4360-A76F-44A5-A92D-FD97BD597F17}"
EndProject
Project("{2150E333-8FDC-42A3-9474-1A3956D46DE8}") = "tests", "tests", "{02EA681E-C7D8-13C7-8484-4AC65E1B71E8}"
EndProject
Project("{FAE04EC0-301F-11D3-BF4B-00C04F79EFBC}") = "UrlShortener.ApplicationCore", "API\src\UrlShortener.ApplicationCore\UrlShortener.ApplicationCore.csproj", "{FA168CE8-C7FB-4184-897F-9F51D0CB0923}"
EndProject
Project("{FAE04EC0-301F-11D3-BF4B-00C04F79EFBC}") = "UrlShorterner.API.Core.Tests", "API\tests\UrlShorterner.API.Core.Tests\UrlShorterner.API.Core.Tests.csproj", "{7949639A-3F84-4F17-97FC-FB36EA97F1EB}"
EndProject
Project("{FAE04EC0-301F-11D3-BF4B-00C04F79EFBC}") = "UrlShortener.Infrastructure", "API\src\UrlShortener.Infrastructure\UrlShortener.Infrastructure.csproj", "{592795A6-0E3C-450D-8719-4AC858CF32CB}"
EndProject
Project("{2150E333-8FDC-42A3-9474-1A3956D46DE8}") = "Libraries", "Libraries", "{3F7D6BE8-A0CA-416D-BA82-B278AC4DD6C8}"
EndProject
Project("{FAE04EC0-301F-11D3-BF4B-00C04F79EFBC}") = "UrlShortener.Libraries.Testing", "Libraries\UrlShortener.Libraries.Testing\UrlShortener.Libraries.Testing.csproj", "{597E2586-2556-4D04-AE07-83D1CD4486F3}"
EndProject
Project("{2150E333-8FDC-42A3-9474-1A3956D46DE8}") = "TokenRanges", "TokenRanges", "{CB66E4B7-E5A2-4196-8319-DCE21C211B9E}"
EndProject
Project("{2150E333-8FDC-42A3-9474-1A3956D46DE8}") = "src", "src", "{F6FBCCC8-B17C-494B-AAC4-04C87800A986}"
EndProject
Project("{2150E333-8FDC-42A3-9474-1A3956D46DE8}") = "tests", "tests", "{9D492A2B-3589-438E-AB2E-7D2898936A80}"
EndProject
Project("{FAE04EC0-301F-11D3-BF4B-00C04F79EFBC}") = "UrlShortener.TokenRangeService", "TokenRanges\src\UrlShortener.TokenRangeService\UrlShortener.TokenRangeService.csproj", "{321A82C0-811D-4974-AC9B-F4373C1D224C}"
EndProject
Project("{FAE04EC0-301F-11D3-BF4B-00C04F79EFBC}") = "UrlShortener.TokenRangeService.Tests", "TokenRanges\tests\UrlShortener.TokenRangeService.Tests\UrlShortener.TokenRangeService.Tests.csproj", "{598FBA7E-1E6B-41F0-9D6B-0FE897E9AD4F}"
EndProject
Project("{2150E333-8FDC-42A3-9474-1A3956D46DE8}") = "RedirectApi", "RedirectApi", "{03C61B5F-3936-438B-B936-25F163000AA9}"
EndProject
Project("{2150E333-8FDC-42A3-9474-1A3956D46DE8}") = "src", "src", "{4611B795-066D-42FB-BEF1-7A876AA38B7E}"
EndProject
Project("{2150E333-8FDC-42A3-9474-1A3956D46DE8}") = "tests", "tests", "{B4EE7646-8C48-451D-95CF-6F5157A5212D}"
EndProject
Project("{FAE04EC0-301F-11D3-BF4B-00C04F79EFBC}") = "UrlShortener.RedirectApi", "RedirectApi\src\UrlShortener.RedirectApi\UrlShortener.RedirectApi.csproj", "{223C3057-83F1-43EF-A371-3006758D3DC2}"
EndProject
Project("{FAE04EC0-301F-11D3-BF4B-00C04F79EFBC}") = "UrlShortener.RedirectApi.Tests", "RedirectApi\tests\UrlShortener.RedirectApi.Tests\UrlShortener.RedirectApi.Tests.csproj", "{8F38ADBB-D5D9-4E81-9AFC-F083BC2D5304}"
EndProject
Global
	GlobalSection(SolutionConfigurationPlatforms) = preSolution
		Debug|Any CPU = Debug|Any CPU
		Release|Any CPU = Release|Any CPU
	EndGlobalSection
	GlobalSection(ProjectConfigurationPlatforms) = postSolution
		{FF2F4360-A76F-44A5-A92D-FD97BD597F17}.Debug|Any CPU.ActiveCfg = Debug|Any CPU
		{FF2F4360-A76F-44A5-A92D-FD97BD597F17}.Debug|Any CPU.Build.0 = Debug|Any CPU
		{FF2F4360-A76F-44A5-A92D-FD97BD597F17}.Release|Any CPU.ActiveCfg = Release|Any CPU
		{FF2F4360-A76F-44A5-A92D-FD97BD597F17}.Release|Any CPU.Build.0 = Release|Any CPU
		{FA168CE8-C7FB-4184-897F-9F51D0CB0923}.Debug|Any CPU.ActiveCfg = Debug|Any CPU
		{FA168CE8-C7FB-4184-897F-9F51D0CB0923}.Debug|Any CPU.Build.0 = Debug|Any CPU
		{FA168CE8-C7FB-4184-897F-9F51D0CB0923}.Release|Any CPU.ActiveCfg = Release|Any CPU
		{FA168CE8-C7FB-4184-897F-9F51D0CB0923}.Release|Any CPU.Build.0 = Release|Any CPU
		{7949639A-3F84-4F17-97FC-FB36EA97F1EB}.Debug|Any CPU.ActiveCfg = Debug|Any CPU
		{7949639A-3F84-4F17-97FC-FB36EA97F1EB}.Debug|Any CPU.Build.0 = Debug|Any CPU
		{7949639A-3F84-4F17-97FC-FB36EA97F1EB}.Release|Any CPU.ActiveCfg = Release|Any CPU
		{7949639A-3F84-4F17-97FC-FB36EA97F1EB}.Release|Any CPU.Build.0 = Release|Any CPU
		{592795A6-0E3C-450D-8719-4AC858CF32CB}.Debug|Any CPU.ActiveCfg = Debug|Any CPU
		{592795A6-0E3C-450D-8719-4AC858CF32CB}.Debug|Any CPU.Build.0 = Debug|Any CPU
		{592795A6-0E3C-450D-8719-4AC858CF32CB}.Release|Any CPU.ActiveCfg = Release|Any CPU
		{592795A6-0E3C-450D-8719-4AC858CF32CB}.Release|Any CPU.Build.0 = Release|Any CPU
		{597E2586-2556-4D04-AE07-83D1CD4486F3}.Debug|Any CPU.ActiveCfg = Debug|Any CPU
		{597E2586-2556-4D04-AE07-83D1CD4486F3}.Debug|Any CPU.Build.0 = Debug|Any CPU
		{597E2586-2556-4D04-AE07-83D1CD4486F3}.Release|Any CPU.ActiveCfg = Release|Any CPU
		{597E2586-2556-4D04-AE07-83D1CD4486F3}.Release|Any CPU.Build.0 = Release|Any CPU
		{321A82C0-811D-4974-AC9B-F4373C1D224C}.Debug|Any CPU.ActiveCfg = Debug|Any CPU
		{321A82C0-811D-4974-AC9B-F4373C1D224C}.Debug|Any CPU.Build.0 = Debug|Any CPU
		{321A82C0-811D-4974-AC9B-F4373C1D224C}.Release|Any CPU.ActiveCfg = Release|Any CPU
		{321A82C0-811D-4974-AC9B-F4373C1D224C}.Release|Any CPU.Build.0 = Release|Any CPU
		{598FBA7E-1E6B-41F0-9D6B-0FE897E9AD4F}.Debug|Any CPU.ActiveCfg = Debug|Any CPU
		{598FBA7E-1E6B-41F0-9D6B-0FE897E9AD4F}.Debug|Any CPU.Build.0 = Debug|Any CPU
		{598FBA7E-1E6B-41F0-9D6B-0FE897E9AD4F}.Release|Any CPU.ActiveCfg = Release|Any CPU
		{598FBA7E-1E6B-41F0-9D6B-0FE897E9AD4F}.Release|Any CPU.Build.0 = Release|Any CPU
		{223C3057-83F1-43EF-A371-3006758D3DC2}.Debug|Any CPU.ActiveCfg = Debug|Any CPU
		{223C3057-83F1-43EF-A371-3006758D3DC2}.Debug|Any CPU.Build.0 = Debug|Any CPU
		{223C3057-83F1-43EF-A371-3006758D3DC2}.Release|Any CPU.ActiveCfg = Release|Any CPU
		{223C3057-83F1-43EF-A371-3006758D3DC2}.Release|Any CPU.Build.0 = Release|Any CPU
		{8F38ADBB-D5D9-4E81-9AFC-F083BC2D5304}.Debug|Any CPU.ActiveCfg = Debug|Any CPU
		{8F38ADBB-D5D9-4E81-9AFC-F083BC2D5304}.Debug|Any CPU.Build.0 = Debug|Any CPU
		{8F38ADBB-D5D9-4E81-9AFC-F083BC2D5304}.Release|Any CPU.ActiveCfg = Release|Any CPU
		{8F38ADBB-D5D9-4E81-9AFC-F083BC2D5304}.Release|Any CPU.Build.0 = Release|Any CPU
	EndGlobalSection
	GlobalSection(SolutionProperties) = preSolution
		HideSolutionNode = FALSE
	EndGlobalSection
	GlobalSection(NestedProjects) = preSolution
		{2B36633A-A0D3-485C-830F-FDBF21B47C29} = {08F605E1-1067-4AA8-A72D-A9D9D07A2015}
		{FF2F4360-A76F-44A5-A92D-FD97BD597F17} = {2B36633A-A0D3-485C-830F-FDBF21B47C29}
		{02EA681E-C7D8-13C7-8484-4AC65E1B71E8} = {08F605E1-1067-4AA8-A72D-A9D9D07A2015}
		{FA168CE8-C7FB-4184-897F-9F51D0CB0923} = {2B36633A-A0D3-485C-830F-FDBF21B47C29}
		{7949639A-3F84-4F17-97FC-FB36EA97F1EB} = {02EA681E-C7D8-13C7-8484-4AC65E1B71E8}
		{592795A6-0E3C-450D-8719-4AC858CF32CB} = {2B36633A-A0D3-485C-830F-FDBF21B47C29}
		{597E2586-2556-4D04-AE07-83D1CD4486F3} = {3F7D6BE8-A0CA-416D-BA82-B278AC4DD6C8}
		{F6FBCCC8-B17C-494B-AAC4-04C87800A986} = {CB66E4B7-E5A2-4196-8319-DCE21C211B9E}
		{9D492A2B-3589-438E-AB2E-7D2898936A80} = {CB66E4B7-E5A2-4196-8319-DCE21C211B9E}
		{321A82C0-811D-4974-AC9B-F4373C1D224C} = {F6FBCCC8-B17C-494B-AAC4-04C87800A986}
		{598FBA7E-1E6B-41F0-9D6B-0FE897E9AD4F} = {9D492A2B-3589-438E-AB2E-7D2898936A80}
		{4611B795-066D-42FB-BEF1-7A876AA38B7E} = {03C61B5F-3936-438B-B936-25F163000AA9}
		{B4EE7646-8C48-451D-95CF-6F5157A5212D} = {03C61B5F-3936-438B-B936-25F163000AA9}
		{223C3057-83F1-43EF-A371-3006758D3DC2} = {4611B795-066D-42FB-BEF1-7A876AA38B7E}
		{8F38ADBB-D5D9-4E81-9AFC-F083BC2D5304} = {B4EE7646-8C48-451D-95CF-6F5157A5212D}
	EndGlobalSection
	GlobalSection(ExtensibilityGlobals) = postSolution
		SolutionGuid = {AFCFC017-FF33-454D-A1B6-CB7DA2F5E17C}
	EndGlobalSection
EndGlobal
