
Microsoft Visual Studio Solution File, Format Version 12.00
# Visual Studio Version 17
VisualStudioVersion = 17.12.35527.113
MinimumVisualStudioVersion = 10.0.40219.1
Project("{2150E333-8FDC-42A3-9474-1A3956D46DE8}") = "API", "API", "{08F605E1-1067-4AA8-A72D-A9D9D07A2015}"
EndProject
Project("{2150E333-8FDC-42A3-9474-1A3956D46DE8}") = "src", "src", "{2B36633A-A0D3-485C-830F-FDBF21B47C29}"
EndProject
Project("{FAE04EC0-301F-11D3-BF4B-00C04F79EFBC}") = "UrlShortener.API", "API\src\UrlShortener.API\UrlShortener.API.csproj", "{FF2F4360-A76F-44A5-A92D-FD97BD597F17}"
EndProject
Global
	GlobalSection(SolutionConfigurationPlatforms) = preSolution
		Debug|Any CPU = Debug|Any CPU
		Release|Any CPU = Release|Any CPU
	EndGlobalSection
	GlobalSection(ProjectConfigurationPlatforms) = postSolution
		{FF2F4360-A76F-44A5-A92D-FD97BD597F17}.Debug|Any CPU.ActiveCfg = Debug|Any CPU
		{FF2F4360-A76F-44A5-A92D-FD97BD597F17}.Debug|Any CPU.Build.0 = Debug|Any CPU
		{FF2F4360-A76F-44A5-A92D-FD97BD597F17}.Release|Any CPU.ActiveCfg = Release|Any CPU
		{FF2F4360-A76F-44A5-A92D-FD97BD597F17}.Release|Any CPU.Build.0 = Release|Any CPU
	EndGlobalSection
	GlobalSection(SolutionProperties) = preSolution
		HideSolutionNode = FALSE
	EndGlobalSection
	GlobalSection(NestedProjects) = preSolution
		{2B36633A-A0D3-485C-830F-FDBF21B47C29} = {08F605E1-1067-4AA8-A72D-A9D9D07A2015}
		{FF2F4360-A76F-44A5-A92D-FD97BD597F17} = {2B36633A-A0D3-485C-830F-FDBF21B47C29}
	EndGlobalSection
EndGlobal
